
Microsoft Visual Studio Solution File, Format Version 12.00
# Visual Studio 2015
Project("{FAE04EC0-301F-11D3-BF4B-00C04F79EFBC}") = "QVAR", "QVAR.csproj", "{28360684-0852-2411-E820-DBDFDF99171F}"
EndProject
Project("{FAE04EC0-301F-11D3-BF4B-00C04F79EFBC}") = "QVAR.Editor", "QVAR.Editor.csproj", "{ADF914D4-1C2F-241A-68D6-6D16207E2867}"
EndProject
Global
	GlobalSection(SolutionConfigurationPlatforms) = preSolution
		Debug|Any CPU = Debug|Any CPU
		Release|Any CPU = Release|Any CPU
	EndGlobalSection
	GlobalSection(ProjectConfigurationPlatforms) = postSolution
		{28360684-0852-2411-E820-DBDFDF99171F}.Debug|Any CPU.ActiveCfg = Debug|Any CPU
		{28360684-0852-2411-E820-DBDFDF99171F}.Debug|Any CPU.Build.0 = Debug|Any CPU
		{28360684-0852-2411-E820-DBDFDF99171F}.Release|Any CPU.ActiveCfg = Release|Any CPU
		{28360684-0852-2411-E820-DBDFDF99171F}.Release|Any CPU.Build.0 = Release|Any CPU
		{ADF914D4-1C2F-241A-68D6-6D16207E2867}.Debug|Any CPU.ActiveCfg = Debug|Any CPU
		{ADF914D4-1C2F-241A-68D6-6D16207E2867}.Debug|Any CPU.Build.0 = Debug|Any CPU
		{ADF914D4-1C2F-241A-68D6-6D16207E2867}.Release|Any CPU.ActiveCfg = Release|Any CPU
		{ADF914D4-1C2F-241A-68D6-6D16207E2867}.Release|Any CPU.Build.0 = Release|Any CPU
	EndGlobalSection
	GlobalSection(SolutionProperties) = preSolution
		HideSolutionNode = FALSE
	EndGlobalSection
EndGlobal
